// !$*UTF8*$!
{
	archiveVersion = 1;
	classes = {
	};
	objectVersion = 46;
	objects = {

/* Begin PBXBuildFile section */
		E70725D31B053B5400716C6F /* Compass.h in Headers */ = {isa = PBXBuildFile; fileRef = E70725D21B053B5400716C6F /* Compass.h */; settings = {ATTRIBUTES = (Public, ); }; };
		E70725D91B053B5400716C6F /* Compass.framework in Frameworks */ = {isa = PBXBuildFile; fileRef = E70725CD1B053B5400716C6F /* Compass.framework */; };
		E70725E01B053B5400716C6F /* CompassTests.swift in Sources */ = {isa = PBXBuildFile; fileRef = E70725DF1B053B5400716C6F /* CompassTests.swift */; };
		E70725EA1B053BD600716C6F /* MapKit.framework in Frameworks */ = {isa = PBXBuildFile; fileRef = E70725E91B053BD600716C6F /* MapKit.framework */; };
		E70725EC1B053DC500716C6F /* Polyline.swift in Sources */ = {isa = PBXBuildFile; fileRef = E70725EB1B053DC500716C6F /* Polyline.swift */; };
		E70725EE1B053DE800716C6F /* Vector.swift in Sources */ = {isa = PBXBuildFile; fileRef = E70725ED1B053DE800716C6F /* Vector.swift */; };
		E70725F01B0544A000716C6F /* Angle.swift in Sources */ = {isa = PBXBuildFile; fileRef = E70725EF1B0544A000716C6F /* Angle.swift */; };
		E72DDEDF1B0E2E910068550D /* Trace.swift in Sources */ = {isa = PBXBuildFile; fileRef = E72DDEDE1B0E2E910068550D /* Trace.swift */; };
		E72DDEE21B0E50D60068550D /* TraceTests.swift in Sources */ = {isa = PBXBuildFile; fileRef = E72DDEE11B0E50D60068550D /* TraceTests.swift */; };
		E733EC661B1786F7002161E5 /* Compass-OSX.h in Headers */ = {isa = PBXBuildFile; fileRef = E733EC651B1786F7002161E5 /* Compass-OSX.h */; settings = {ATTRIBUTES = (Public, ); }; };
		E733EC6C1B1786F7002161E5 /* CompassOSX.framework in Frameworks */ = {isa = PBXBuildFile; fileRef = E733EC611B1786F7002161E5 /* CompassOSX.framework */; };
		E733EC731B1786F7002161E5 /* Compass_OSXTests.swift in Sources */ = {isa = PBXBuildFile; fileRef = E733EC721B1786F7002161E5 /* Compass_OSXTests.swift */; };
		E733EC7A1B178709002161E5 /* Polyline.swift in Sources */ = {isa = PBXBuildFile; fileRef = E70725EB1B053DC500716C6F /* Polyline.swift */; };
		E733EC7B1B178709002161E5 /* Vector.swift in Sources */ = {isa = PBXBuildFile; fileRef = E70725ED1B053DE800716C6F /* Vector.swift */; };
		E733EC7C1B178709002161E5 /* Angle.swift in Sources */ = {isa = PBXBuildFile; fileRef = E70725EF1B0544A000716C6F /* Angle.swift */; };
		E733EC7D1B178709002161E5 /* MultiPoint.swift in Sources */ = {isa = PBXBuildFile; fileRef = E7942A3F1B0CDEBE00915E0A /* MultiPoint.swift */; };
		E733EC7E1B178709002161E5 /* NumericType.swift in Sources */ = {isa = PBXBuildFile; fileRef = E7942A411B0CF57F00915E0A /* NumericType.swift */; };
		E733EC7F1B178709002161E5 /* Distance.swift in Sources */ = {isa = PBXBuildFile; fileRef = E7942A431B0CFC0200915E0A /* Distance.swift */; };
		E733EC801B178709002161E5 /* Trace.swift in Sources */ = {isa = PBXBuildFile; fileRef = E72DDEDE1B0E2E910068550D /* Trace.swift */; };
		E733EC811B178709002161E5 /* RouteSupport.swift in Sources */ = {isa = PBXBuildFile; fileRef = E7EFC61D1B163F43006CF4E0 /* RouteSupport.swift */; };
		E733EC8B1B178891002161E5 /* AppDelegate.swift in Sources */ = {isa = PBXBuildFile; fileRef = E733EC8A1B178891002161E5 /* AppDelegate.swift */; };
		E733EC8D1B178891002161E5 /* ViewController.swift in Sources */ = {isa = PBXBuildFile; fileRef = E733EC8C1B178891002161E5 /* ViewController.swift */; };
		E733EC8F1B178891002161E5 /* Images.xcassets in Resources */ = {isa = PBXBuildFile; fileRef = E733EC8E1B178891002161E5 /* Images.xcassets */; };
		E733EC921B178891002161E5 /* Main.storyboard in Resources */ = {isa = PBXBuildFile; fileRef = E733EC901B178891002161E5 /* Main.storyboard */; };
		E733EC9E1B178892002161E5 /* Compass_AppTests.swift in Sources */ = {isa = PBXBuildFile; fileRef = E733EC9D1B178892002161E5 /* Compass_AppTests.swift */; };
		E733ECA71B178968002161E5 /* MapKit.framework in Frameworks */ = {isa = PBXBuildFile; fileRef = E733ECA61B178968002161E5 /* MapKit.framework */; };
		E733ECA81B1789DE002161E5 /* CompassOSX.framework in Frameworks */ = {isa = PBXBuildFile; fileRef = E733EC611B1786F7002161E5 /* CompassOSX.framework */; };
		E733ECAB1B178ED6002161E5 /* RouteBuilder.swift in Sources */ = {isa = PBXBuildFile; fileRef = E733ECAA1B178ED6002161E5 /* RouteBuilder.swift */; };
		E74BA8911B064E9B008F3C81 /* AngleTests.swift in Sources */ = {isa = PBXBuildFile; fileRef = E74BA8901B064E9B008F3C81 /* AngleTests.swift */; };
		E75C075D1B17BA9A00E719A4 /* ChevronPathRenderer.swift in Sources */ = {isa = PBXBuildFile; fileRef = E75C075C1B17BA9A00E719A4 /* ChevronPathRenderer.swift */; };
		E75C075E1B17BA9A00E719A4 /* ChevronPathRenderer.swift in Sources */ = {isa = PBXBuildFile; fileRef = E75C075C1B17BA9A00E719A4 /* ChevronPathRenderer.swift */; };
		E7942A401B0CDEBE00915E0A /* MultiPoint.swift in Sources */ = {isa = PBXBuildFile; fileRef = E7942A3F1B0CDEBE00915E0A /* MultiPoint.swift */; };
		E7942A421B0CF57F00915E0A /* NumericType.swift in Sources */ = {isa = PBXBuildFile; fileRef = E7942A411B0CF57F00915E0A /* NumericType.swift */; };
		E7942A441B0CFC0200915E0A /* Distance.swift in Sources */ = {isa = PBXBuildFile; fileRef = E7942A431B0CFC0200915E0A /* Distance.swift */; };
		E7EFC61E1B163F43006CF4E0 /* RouteSupport.swift in Sources */ = {isa = PBXBuildFile; fileRef = E7EFC61D1B163F43006CF4E0 /* RouteSupport.swift */; };
/* End PBXBuildFile section */

/* Begin PBXContainerItemProxy section */
		E70725DA1B053B5400716C6F /* PBXContainerItemProxy */ = {
			isa = PBXContainerItemProxy;
			containerPortal = E70725C41B053B5400716C6F /* Project object */;
			proxyType = 1;
			remoteGlobalIDString = E70725CC1B053B5400716C6F;
			remoteInfo = Compass;
		};
		E733EC6D1B1786F7002161E5 /* PBXContainerItemProxy */ = {
			isa = PBXContainerItemProxy;
			containerPortal = E70725C41B053B5400716C6F /* Project object */;
			proxyType = 1;
			remoteGlobalIDString = E733EC601B1786F7002161E5;
			remoteInfo = "Compass-OSX";
		};
		E733EC981B178892002161E5 /* PBXContainerItemProxy */ = {
			isa = PBXContainerItemProxy;
			containerPortal = E70725C41B053B5400716C6F /* Project object */;
			proxyType = 1;
			remoteGlobalIDString = E733EC851B178891002161E5;
			remoteInfo = "Compass App";
		};
		E733ECAC1B17B4C3002161E5 /* PBXContainerItemProxy */ = {
			isa = PBXContainerItemProxy;
			containerPortal = E70725C41B053B5400716C6F /* Project object */;
			proxyType = 1;
			remoteGlobalIDString = E733EC601B1786F7002161E5;
			remoteInfo = CompassOSX;
		};
/* End PBXContainerItemProxy section */

/* Begin PBXFileReference section */
		E70725CD1B053B5400716C6F /* Compass.framework */ = {isa = PBXFileReference; explicitFileType = wrapper.framework; includeInIndex = 0; path = Compass.framework; sourceTree = BUILT_PRODUCTS_DIR; };
		E70725D11B053B5400716C6F /* Info.plist */ = {isa = PBXFileReference; lastKnownFileType = text.plist.xml; path = Info.plist; sourceTree = "<group>"; };
		E70725D21B053B5400716C6F /* Compass.h */ = {isa = PBXFileReference; lastKnownFileType = sourcecode.c.h; path = Compass.h; sourceTree = "<group>"; };
		E70725D81B053B5400716C6F /* CompassTests.xctest */ = {isa = PBXFileReference; explicitFileType = wrapper.cfbundle; includeInIndex = 0; path = CompassTests.xctest; sourceTree = BUILT_PRODUCTS_DIR; };
		E70725DE1B053B5400716C6F /* Info.plist */ = {isa = PBXFileReference; lastKnownFileType = text.plist.xml; path = Info.plist; sourceTree = "<group>"; };
		E70725DF1B053B5400716C6F /* CompassTests.swift */ = {isa = PBXFileReference; lastKnownFileType = sourcecode.swift; path = CompassTests.swift; sourceTree = "<group>"; };
		E70725E91B053BD600716C6F /* MapKit.framework */ = {isa = PBXFileReference; lastKnownFileType = wrapper.framework; name = MapKit.framework; path = System/Library/Frameworks/MapKit.framework; sourceTree = SDKROOT; };
		E70725EB1B053DC500716C6F /* Polyline.swift */ = {isa = PBXFileReference; fileEncoding = 4; lastKnownFileType = sourcecode.swift; path = Polyline.swift; sourceTree = "<group>"; };
		E70725ED1B053DE800716C6F /* Vector.swift */ = {isa = PBXFileReference; fileEncoding = 4; lastKnownFileType = sourcecode.swift; path = Vector.swift; sourceTree = "<group>"; };
		E70725EF1B0544A000716C6F /* Angle.swift */ = {isa = PBXFileReference; fileEncoding = 4; lastKnownFileType = sourcecode.swift; path = Angle.swift; sourceTree = "<group>"; };
		E72DDEDE1B0E2E910068550D /* Trace.swift */ = {isa = PBXFileReference; fileEncoding = 4; lastKnownFileType = sourcecode.swift; path = Trace.swift; sourceTree = "<group>"; };
		E72DDEE11B0E50D60068550D /* TraceTests.swift */ = {isa = PBXFileReference; fileEncoding = 4; lastKnownFileType = sourcecode.swift; path = TraceTests.swift; sourceTree = "<group>"; };
		E733EC611B1786F7002161E5 /* CompassOSX.framework */ = {isa = PBXFileReference; explicitFileType = wrapper.framework; includeInIndex = 0; path = CompassOSX.framework; sourceTree = BUILT_PRODUCTS_DIR; };
		E733EC641B1786F7002161E5 /* Info.plist */ = {isa = PBXFileReference; lastKnownFileType = text.plist.xml; path = Info.plist; sourceTree = "<group>"; };
		E733EC651B1786F7002161E5 /* Compass-OSX.h */ = {isa = PBXFileReference; lastKnownFileType = sourcecode.c.h; path = "Compass-OSX.h"; sourceTree = "<group>"; };
		E733EC6B1B1786F7002161E5 /* Compass-OSXTests.xctest */ = {isa = PBXFileReference; explicitFileType = wrapper.cfbundle; includeInIndex = 0; path = "Compass-OSXTests.xctest"; sourceTree = BUILT_PRODUCTS_DIR; };
		E733EC711B1786F7002161E5 /* Info.plist */ = {isa = PBXFileReference; lastKnownFileType = text.plist.xml; path = Info.plist; sourceTree = "<group>"; };
		E733EC721B1786F7002161E5 /* Compass_OSXTests.swift */ = {isa = PBXFileReference; lastKnownFileType = sourcecode.swift; path = Compass_OSXTests.swift; sourceTree = "<group>"; };
		E733EC861B178891002161E5 /* Compass App.app */ = {isa = PBXFileReference; explicitFileType = wrapper.application; includeInIndex = 0; path = "Compass App.app"; sourceTree = BUILT_PRODUCTS_DIR; };
		E733EC891B178891002161E5 /* Info.plist */ = {isa = PBXFileReference; lastKnownFileType = text.plist.xml; path = Info.plist; sourceTree = "<group>"; };
		E733EC8A1B178891002161E5 /* AppDelegate.swift */ = {isa = PBXFileReference; lastKnownFileType = sourcecode.swift; path = AppDelegate.swift; sourceTree = "<group>"; };
		E733EC8C1B178891002161E5 /* ViewController.swift */ = {isa = PBXFileReference; lastKnownFileType = sourcecode.swift; path = ViewController.swift; sourceTree = "<group>"; };
		E733EC8E1B178891002161E5 /* Images.xcassets */ = {isa = PBXFileReference; lastKnownFileType = folder.assetcatalog; path = Images.xcassets; sourceTree = "<group>"; };
		E733EC911B178891002161E5 /* Base */ = {isa = PBXFileReference; lastKnownFileType = file.storyboard; name = Base; path = Base.lproj/Main.storyboard; sourceTree = "<group>"; };
		E733EC971B178892002161E5 /* Compass AppTests.xctest */ = {isa = PBXFileReference; explicitFileType = wrapper.cfbundle; includeInIndex = 0; path = "Compass AppTests.xctest"; sourceTree = BUILT_PRODUCTS_DIR; };
		E733EC9C1B178892002161E5 /* Info.plist */ = {isa = PBXFileReference; lastKnownFileType = text.plist.xml; path = Info.plist; sourceTree = "<group>"; };
		E733EC9D1B178892002161E5 /* Compass_AppTests.swift */ = {isa = PBXFileReference; lastKnownFileType = sourcecode.swift; path = Compass_AppTests.swift; sourceTree = "<group>"; };
		E733ECA61B178968002161E5 /* MapKit.framework */ = {isa = PBXFileReference; lastKnownFileType = wrapper.framework; name = MapKit.framework; path = Platforms/MacOSX.platform/Developer/SDKs/MacOSX10.10.sdk/System/Library/Frameworks/MapKit.framework; sourceTree = DEVELOPER_DIR; };
		E733ECA91B178B8F002161E5 /* Compass App.entitlements */ = {isa = PBXFileReference; lastKnownFileType = text.xml; path = "Compass App.entitlements"; sourceTree = "<group>"; };
		E733ECAA1B178ED6002161E5 /* RouteBuilder.swift */ = {isa = PBXFileReference; fileEncoding = 4; lastKnownFileType = sourcecode.swift; path = RouteBuilder.swift; sourceTree = "<group>"; };
		E74BA8901B064E9B008F3C81 /* AngleTests.swift */ = {isa = PBXFileReference; fileEncoding = 4; lastKnownFileType = sourcecode.swift; path = AngleTests.swift; sourceTree = "<group>"; };
		E75C075C1B17BA9A00E719A4 /* ChevronPathRenderer.swift */ = {isa = PBXFileReference; fileEncoding = 4; lastKnownFileType = sourcecode.swift; path = ChevronPathRenderer.swift; sourceTree = "<group>"; };
		E7942A3F1B0CDEBE00915E0A /* MultiPoint.swift */ = {isa = PBXFileReference; fileEncoding = 4; lastKnownFileType = sourcecode.swift; path = MultiPoint.swift; sourceTree = "<group>"; };
		E7942A411B0CF57F00915E0A /* NumericType.swift */ = {isa = PBXFileReference; fileEncoding = 4; lastKnownFileType = sourcecode.swift; path = NumericType.swift; sourceTree = "<group>"; };
		E7942A431B0CFC0200915E0A /* Distance.swift */ = {isa = PBXFileReference; fileEncoding = 4; lastKnownFileType = sourcecode.swift; path = Distance.swift; sourceTree = "<group>"; };
		E7EFC61D1B163F43006CF4E0 /* RouteSupport.swift */ = {isa = PBXFileReference; fileEncoding = 4; lastKnownFileType = sourcecode.swift; path = RouteSupport.swift; sourceTree = "<group>"; };
/* End PBXFileReference section */

/* Begin PBXFrameworksBuildPhase section */
		E70725C91B053B5400716C6F /* Frameworks */ = {
			isa = PBXFrameworksBuildPhase;
			buildActionMask = 2147483647;
			files = (
				E70725EA1B053BD600716C6F /* MapKit.framework in Frameworks */,
			);
			runOnlyForDeploymentPostprocessing = 0;
		};
		E70725D51B053B5400716C6F /* Frameworks */ = {
			isa = PBXFrameworksBuildPhase;
			buildActionMask = 2147483647;
			files = (
				E70725D91B053B5400716C6F /* Compass.framework in Frameworks */,
			);
			runOnlyForDeploymentPostprocessing = 0;
		};
		E733EC5D1B1786F7002161E5 /* Frameworks */ = {
			isa = PBXFrameworksBuildPhase;
			buildActionMask = 2147483647;
			files = (
			);
			runOnlyForDeploymentPostprocessing = 0;
		};
		E733EC681B1786F7002161E5 /* Frameworks */ = {
			isa = PBXFrameworksBuildPhase;
			buildActionMask = 2147483647;
			files = (
				E733EC6C1B1786F7002161E5 /* CompassOSX.framework in Frameworks */,
			);
			runOnlyForDeploymentPostprocessing = 0;
		};
		E733EC831B178891002161E5 /* Frameworks */ = {
			isa = PBXFrameworksBuildPhase;
			buildActionMask = 2147483647;
			files = (
				E733ECA81B1789DE002161E5 /* CompassOSX.framework in Frameworks */,
				E733ECA71B178968002161E5 /* MapKit.framework in Frameworks */,
			);
			runOnlyForDeploymentPostprocessing = 0;
		};
		E733EC941B178892002161E5 /* Frameworks */ = {
			isa = PBXFrameworksBuildPhase;
			buildActionMask = 2147483647;
			files = (
			);
			runOnlyForDeploymentPostprocessing = 0;
		};
/* End PBXFrameworksBuildPhase section */

/* Begin PBXGroup section */
		E70725C31B053B5400716C6F = {
			isa = PBXGroup;
			children = (
				E70725CF1B053B5400716C6F /* Compass */,
				E70725DC1B053B5400716C6F /* CompassTests */,
				E733EC621B1786F7002161E5 /* Compass-OSX */,
				E733EC6F1B1786F7002161E5 /* Compass-OSXTests */,
				E733EC871B178891002161E5 /* Compass App */,
				E733EC9A1B178892002161E5 /* Compass AppTests */,
				E70725CE1B053B5400716C6F /* Products */,
				E70725E91B053BD600716C6F /* MapKit.framework */,
				E733ECA61B178968002161E5 /* MapKit.framework */,
			);
			sourceTree = "<group>";
		};
		E70725CE1B053B5400716C6F /* Products */ = {
			isa = PBXGroup;
			children = (
				E70725CD1B053B5400716C6F /* Compass.framework */,
				E70725D81B053B5400716C6F /* CompassTests.xctest */,
				E733EC611B1786F7002161E5 /* CompassOSX.framework */,
				E733EC6B1B1786F7002161E5 /* Compass-OSXTests.xctest */,
				E733EC861B178891002161E5 /* Compass App.app */,
				E733EC971B178892002161E5 /* Compass AppTests.xctest */,
			);
			name = Products;
			sourceTree = "<group>";
		};
		E70725CF1B053B5400716C6F /* Compass */ = {
			isa = PBXGroup;
			children = (
				E70725D21B053B5400716C6F /* Compass.h */,
				E70725D01B053B5400716C6F /* Supporting Files */,
				E70725EB1B053DC500716C6F /* Polyline.swift */,
				E70725ED1B053DE800716C6F /* Vector.swift */,
				E70725EF1B0544A000716C6F /* Angle.swift */,
				E7942A3F1B0CDEBE00915E0A /* MultiPoint.swift */,
				E7942A411B0CF57F00915E0A /* NumericType.swift */,
				E7942A431B0CFC0200915E0A /* Distance.swift */,
				E72DDEDE1B0E2E910068550D /* Trace.swift */,
				E72DDEE01B0E500A0068550D /* New Group */,
				E7EFC61D1B163F43006CF4E0 /* RouteSupport.swift */,
				E75C075C1B17BA9A00E719A4 /* ChevronPathRenderer.swift */,
			);
			path = Compass;
			sourceTree = "<group>";
		};
		E70725D01B053B5400716C6F /* Supporting Files */ = {
			isa = PBXGroup;
			children = (
				E70725D11B053B5400716C6F /* Info.plist */,
			);
			name = "Supporting Files";
			sourceTree = "<group>";
		};
		E70725DC1B053B5400716C6F /* CompassTests */ = {
			isa = PBXGroup;
			children = (
				E70725DF1B053B5400716C6F /* CompassTests.swift */,
				E70725DD1B053B5400716C6F /* Supporting Files */,
				E74BA8901B064E9B008F3C81 /* AngleTests.swift */,
				E72DDEE11B0E50D60068550D /* TraceTests.swift */,
			);
			path = CompassTests;
			sourceTree = "<group>";
		};
		E70725DD1B053B5400716C6F /* Supporting Files */ = {
			isa = PBXGroup;
			children = (
				E70725DE1B053B5400716C6F /* Info.plist */,
			);
			name = "Supporting Files";
			sourceTree = "<group>";
		};
		E72DDEE01B0E500A0068550D /* New Group */ = {
			isa = PBXGroup;
			children = (
			);
			name = "New Group";
			sourceTree = "<group>";
		};
		E733EC621B1786F7002161E5 /* Compass-OSX */ = {
			isa = PBXGroup;
			children = (
				E733EC651B1786F7002161E5 /* Compass-OSX.h */,
				E733EC631B1786F7002161E5 /* Supporting Files */,
			);
			path = "Compass-OSX";
			sourceTree = "<group>";
		};
		E733EC631B1786F7002161E5 /* Supporting Files */ = {
			isa = PBXGroup;
			children = (
				E733EC641B1786F7002161E5 /* Info.plist */,
			);
			name = "Supporting Files";
			sourceTree = "<group>";
		};
		E733EC6F1B1786F7002161E5 /* Compass-OSXTests */ = {
			isa = PBXGroup;
			children = (
				E733EC721B1786F7002161E5 /* Compass_OSXTests.swift */,
				E733EC701B1786F7002161E5 /* Supporting Files */,
			);
			path = "Compass-OSXTests";
			sourceTree = "<group>";
		};
		E733EC701B1786F7002161E5 /* Supporting Files */ = {
			isa = PBXGroup;
			children = (
				E733EC711B1786F7002161E5 /* Info.plist */,
			);
			name = "Supporting Files";
			sourceTree = "<group>";
		};
		E733EC871B178891002161E5 /* Compass App */ = {
			isa = PBXGroup;
			children = (
				E733ECA91B178B8F002161E5 /* Compass App.entitlements */,
				E733EC8A1B178891002161E5 /* AppDelegate.swift */,
				E733EC8C1B178891002161E5 /* ViewController.swift */,
				E733EC8E1B178891002161E5 /* Images.xcassets */,
				E733EC901B178891002161E5 /* Main.storyboard */,
				E733EC881B178891002161E5 /* Supporting Files */,
				E733ECAA1B178ED6002161E5 /* RouteBuilder.swift */,
			);
			path = "Compass App";
			sourceTree = "<group>";
		};
		E733EC881B178891002161E5 /* Supporting Files */ = {
			isa = PBXGroup;
			children = (
				E733EC891B178891002161E5 /* Info.plist */,
			);
			name = "Supporting Files";
			sourceTree = "<group>";
		};
		E733EC9A1B178892002161E5 /* Compass AppTests */ = {
			isa = PBXGroup;
			children = (
				E733EC9D1B178892002161E5 /* Compass_AppTests.swift */,
				E733EC9B1B178892002161E5 /* Supporting Files */,
			);
			path = "Compass AppTests";
			sourceTree = "<group>";
		};
		E733EC9B1B178892002161E5 /* Supporting Files */ = {
			isa = PBXGroup;
			children = (
				E733EC9C1B178892002161E5 /* Info.plist */,
			);
			name = "Supporting Files";
			sourceTree = "<group>";
		};
/* End PBXGroup section */

/* Begin PBXHeadersBuildPhase section */
		E70725CA1B053B5400716C6F /* Headers */ = {
			isa = PBXHeadersBuildPhase;
			buildActionMask = 2147483647;
			files = (
				E70725D31B053B5400716C6F /* Compass.h in Headers */,
			);
			runOnlyForDeploymentPostprocessing = 0;
		};
		E733EC5E1B1786F7002161E5 /* Headers */ = {
			isa = PBXHeadersBuildPhase;
			buildActionMask = 2147483647;
			files = (
				E733EC661B1786F7002161E5 /* Compass-OSX.h in Headers */,
			);
			runOnlyForDeploymentPostprocessing = 0;
		};
/* End PBXHeadersBuildPhase section */

/* Begin PBXNativeTarget section */
		E70725CC1B053B5400716C6F /* Compass */ = {
			isa = PBXNativeTarget;
			buildConfigurationList = E70725E31B053B5400716C6F /* Build configuration list for PBXNativeTarget "Compass" */;
			buildPhases = (
				E70725C81B053B5400716C6F /* Sources */,
				E70725C91B053B5400716C6F /* Frameworks */,
				E70725CA1B053B5400716C6F /* Headers */,
				E70725CB1B053B5400716C6F /* Resources */,
			);
			buildRules = (
			);
			dependencies = (
			);
			name = Compass;
			productName = Compass;
			productReference = E70725CD1B053B5400716C6F /* Compass.framework */;
			productType = "com.apple.product-type.framework";
		};
		E70725D71B053B5400716C6F /* CompassTests */ = {
			isa = PBXNativeTarget;
			buildConfigurationList = E70725E61B053B5400716C6F /* Build configuration list for PBXNativeTarget "CompassTests" */;
			buildPhases = (
				E70725D41B053B5400716C6F /* Sources */,
				E70725D51B053B5400716C6F /* Frameworks */,
				E70725D61B053B5400716C6F /* Resources */,
			);
			buildRules = (
			);
			dependencies = (
				E70725DB1B053B5400716C6F /* PBXTargetDependency */,
			);
			name = CompassTests;
			productName = CompassTests;
			productReference = E70725D81B053B5400716C6F /* CompassTests.xctest */;
			productType = "com.apple.product-type.bundle.unit-test";
		};
		E733EC601B1786F7002161E5 /* CompassOSX */ = {
			isa = PBXNativeTarget;
			buildConfigurationList = E733EC781B1786F7002161E5 /* Build configuration list for PBXNativeTarget "CompassOSX" */;
			buildPhases = (
				E733EC5C1B1786F7002161E5 /* Sources */,
				E733EC5D1B1786F7002161E5 /* Frameworks */,
				E733EC5E1B1786F7002161E5 /* Headers */,
				E733EC5F1B1786F7002161E5 /* Resources */,
			);
			buildRules = (
			);
			dependencies = (
			);
			name = CompassOSX;
			productName = "Compass-OSX";
			productReference = E733EC611B1786F7002161E5 /* CompassOSX.framework */;
			productType = "com.apple.product-type.framework";
		};
		E733EC6A1B1786F7002161E5 /* Compass-OSXTests */ = {
			isa = PBXNativeTarget;
			buildConfigurationList = E733EC791B1786F7002161E5 /* Build configuration list for PBXNativeTarget "Compass-OSXTests" */;
			buildPhases = (
				E733EC671B1786F7002161E5 /* Sources */,
				E733EC681B1786F7002161E5 /* Frameworks */,
				E733EC691B1786F7002161E5 /* Resources */,
			);
			buildRules = (
			);
			dependencies = (
				E733EC6E1B1786F7002161E5 /* PBXTargetDependency */,
			);
			name = "Compass-OSXTests";
			productName = "Compass-OSXTests";
			productReference = E733EC6B1B1786F7002161E5 /* Compass-OSXTests.xctest */;
			productType = "com.apple.product-type.bundle.unit-test";
		};
		E733EC851B178891002161E5 /* Compass App */ = {
			isa = PBXNativeTarget;
			buildConfigurationList = E733EC9F1B178892002161E5 /* Build configuration list for PBXNativeTarget "Compass App" */;
			buildPhases = (
				E733EC821B178891002161E5 /* Sources */,
				E733EC831B178891002161E5 /* Frameworks */,
				E733EC841B178891002161E5 /* Resources */,
			);
			buildRules = (
			);
			dependencies = (
				E733ECAD1B17B4C3002161E5 /* PBXTargetDependency */,
			);
			name = "Compass App";
			productName = "Compass App";
			productReference = E733EC861B178891002161E5 /* Compass App.app */;
			productType = "com.apple.product-type.application";
		};
		E733EC961B178892002161E5 /* Compass AppTests */ = {
			isa = PBXNativeTarget;
			buildConfigurationList = E733ECA21B178892002161E5 /* Build configuration list for PBXNativeTarget "Compass AppTests" */;
			buildPhases = (
				E733EC931B178892002161E5 /* Sources */,
				E733EC941B178892002161E5 /* Frameworks */,
				E733EC951B178892002161E5 /* Resources */,
			);
			buildRules = (
			);
			dependencies = (
				E733EC991B178892002161E5 /* PBXTargetDependency */,
			);
			name = "Compass AppTests";
			productName = "Compass AppTests";
			productReference = E733EC971B178892002161E5 /* Compass AppTests.xctest */;
			productType = "com.apple.product-type.bundle.unit-test";
		};
/* End PBXNativeTarget section */

/* Begin PBXProject section */
		E70725C41B053B5400716C6F /* Project object */ = {
			isa = PBXProject;
			attributes = {
				LastUpgradeCheck = 0630;
				ORGANIZATIONNAME = "Fabian Canas";
				TargetAttributes = {
					E70725CC1B053B5400716C6F = {
						CreatedOnToolsVersion = 6.3.1;
					};
					E70725D71B053B5400716C6F = {
						CreatedOnToolsVersion = 6.3.1;
					};
					E733EC601B1786F7002161E5 = {
						CreatedOnToolsVersion = 6.3.1;
					};
					E733EC6A1B1786F7002161E5 = {
						CreatedOnToolsVersion = 6.3.1;
					};
					E733EC851B178891002161E5 = {
						CreatedOnToolsVersion = 6.3.1;
						DevelopmentTeam = AXL96AEQK3;
					};
					E733EC961B178892002161E5 = {
						CreatedOnToolsVersion = 6.3.1;
						TestTargetID = E733EC851B178891002161E5;
					};
				};
			};
			buildConfigurationList = E70725C71B053B5400716C6F /* Build configuration list for PBXProject "Compass" */;
			compatibilityVersion = "Xcode 3.2";
			developmentRegion = English;
			hasScannedForEncodings = 0;
			knownRegions = (
				en,
				Base,
			);
			mainGroup = E70725C31B053B5400716C6F;
			productRefGroup = E70725CE1B053B5400716C6F /* Products */;
			projectDirPath = "";
			projectRoot = "";
			targets = (
				E70725CC1B053B5400716C6F /* Compass */,
				E70725D71B053B5400716C6F /* CompassTests */,
				E733EC601B1786F7002161E5 /* CompassOSX */,
				E733EC6A1B1786F7002161E5 /* Compass-OSXTests */,
				E733EC851B178891002161E5 /* Compass App */,
				E733EC961B178892002161E5 /* Compass AppTests */,
			);
		};
/* End PBXProject section */

/* Begin PBXResourcesBuildPhase section */
		E70725CB1B053B5400716C6F /* Resources */ = {
			isa = PBXResourcesBuildPhase;
			buildActionMask = 2147483647;
			files = (
			);
			runOnlyForDeploymentPostprocessing = 0;
		};
		E70725D61B053B5400716C6F /* Resources */ = {
			isa = PBXResourcesBuildPhase;
			buildActionMask = 2147483647;
			files = (
			);
			runOnlyForDeploymentPostprocessing = 0;
		};
		E733EC5F1B1786F7002161E5 /* Resources */ = {
			isa = PBXResourcesBuildPhase;
			buildActionMask = 2147483647;
			files = (
			);
			runOnlyForDeploymentPostprocessing = 0;
		};
		E733EC691B1786F7002161E5 /* Resources */ = {
			isa = PBXResourcesBuildPhase;
			buildActionMask = 2147483647;
			files = (
			);
			runOnlyForDeploymentPostprocessing = 0;
		};
		E733EC841B178891002161E5 /* Resources */ = {
			isa = PBXResourcesBuildPhase;
			buildActionMask = 2147483647;
			files = (
				E733EC8F1B178891002161E5 /* Images.xcassets in Resources */,
				E733EC921B178891002161E5 /* Main.storyboard in Resources */,
			);
			runOnlyForDeploymentPostprocessing = 0;
		};
		E733EC951B178892002161E5 /* Resources */ = {
			isa = PBXResourcesBuildPhase;
			buildActionMask = 2147483647;
			files = (
			);
			runOnlyForDeploymentPostprocessing = 0;
		};
/* End PBXResourcesBuildPhase section */

/* Begin PBXSourcesBuildPhase section */
		E70725C81B053B5400716C6F /* Sources */ = {
			isa = PBXSourcesBuildPhase;
			buildActionMask = 2147483647;
			files = (
				E7942A441B0CFC0200915E0A /* Distance.swift in Sources */,
				E7EFC61E1B163F43006CF4E0 /* RouteSupport.swift in Sources */,
				E7942A421B0CF57F00915E0A /* NumericType.swift in Sources */,
				E75C075D1B17BA9A00E719A4 /* ChevronPathRenderer.swift in Sources */,
				E70725EE1B053DE800716C6F /* Vector.swift in Sources */,
				E7942A401B0CDEBE00915E0A /* MultiPoint.swift in Sources */,
				E72DDEDF1B0E2E910068550D /* Trace.swift in Sources */,
				E70725F01B0544A000716C6F /* Angle.swift in Sources */,
				E70725EC1B053DC500716C6F /* Polyline.swift in Sources */,
			);
			runOnlyForDeploymentPostprocessing = 0;
		};
		E70725D41B053B5400716C6F /* Sources */ = {
			isa = PBXSourcesBuildPhase;
			buildActionMask = 2147483647;
			files = (
				E70725E01B053B5400716C6F /* CompassTests.swift in Sources */,
				E74BA8911B064E9B008F3C81 /* AngleTests.swift in Sources */,
				E72DDEE21B0E50D60068550D /* TraceTests.swift in Sources */,
			);
			runOnlyForDeploymentPostprocessing = 0;
		};
		E733EC5C1B1786F7002161E5 /* Sources */ = {
			isa = PBXSourcesBuildPhase;
			buildActionMask = 2147483647;
			files = (
				E733EC7F1B178709002161E5 /* Distance.swift in Sources */,
				E733EC811B178709002161E5 /* RouteSupport.swift in Sources */,
				E733EC7E1B178709002161E5 /* NumericType.swift in Sources */,
				E75C075E1B17BA9A00E719A4 /* ChevronPathRenderer.swift in Sources */,
				E733EC7D1B178709002161E5 /* MultiPoint.swift in Sources */,
				E733EC7B1B178709002161E5 /* Vector.swift in Sources */,
				E733EC801B178709002161E5 /* Trace.swift in Sources */,
				E733EC7C1B178709002161E5 /* Angle.swift in Sources */,
				E733EC7A1B178709002161E5 /* Polyline.swift in Sources */,
			);
			runOnlyForDeploymentPostprocessing = 0;
		};
		E733EC671B1786F7002161E5 /* Sources */ = {
			isa = PBXSourcesBuildPhase;
			buildActionMask = 2147483647;
			files = (
				E733EC731B1786F7002161E5 /* Compass_OSXTests.swift in Sources */,
			);
			runOnlyForDeploymentPostprocessing = 0;
		};
		E733EC821B178891002161E5 /* Sources */ = {
			isa = PBXSourcesBuildPhase;
			buildActionMask = 2147483647;
			files = (
				E733EC8D1B178891002161E5 /* ViewController.swift in Sources */,
				E733ECAB1B178ED6002161E5 /* RouteBuilder.swift in Sources */,
				E733EC8B1B178891002161E5 /* AppDelegate.swift in Sources */,
			);
			runOnlyForDeploymentPostprocessing = 0;
		};
		E733EC931B178892002161E5 /* Sources */ = {
			isa = PBXSourcesBuildPhase;
			buildActionMask = 2147483647;
			files = (
				E733EC9E1B178892002161E5 /* Compass_AppTests.swift in Sources */,
			);
			runOnlyForDeploymentPostprocessing = 0;
		};
/* End PBXSourcesBuildPhase section */

/* Begin PBXTargetDependency section */
		E70725DB1B053B5400716C6F /* PBXTargetDependency */ = {
			isa = PBXTargetDependency;
			target = E70725CC1B053B5400716C6F /* Compass */;
			targetProxy = E70725DA1B053B5400716C6F /* PBXContainerItemProxy */;
		};
		E733EC6E1B1786F7002161E5 /* PBXTargetDependency */ = {
			isa = PBXTargetDependency;
			target = E733EC601B1786F7002161E5 /* CompassOSX */;
			targetProxy = E733EC6D1B1786F7002161E5 /* PBXContainerItemProxy */;
		};
		E733EC991B178892002161E5 /* PBXTargetDependency */ = {
			isa = PBXTargetDependency;
			target = E733EC851B178891002161E5 /* Compass App */;
			targetProxy = E733EC981B178892002161E5 /* PBXContainerItemProxy */;
		};
		E733ECAD1B17B4C3002161E5 /* PBXTargetDependency */ = {
			isa = PBXTargetDependency;
			target = E733EC601B1786F7002161E5 /* CompassOSX */;
			targetProxy = E733ECAC1B17B4C3002161E5 /* PBXContainerItemProxy */;
		};
/* End PBXTargetDependency section */

/* Begin PBXVariantGroup section */
		E733EC901B178891002161E5 /* Main.storyboard */ = {
			isa = PBXVariantGroup;
			children = (
				E733EC911B178891002161E5 /* Base */,
			);
			name = Main.storyboard;
			sourceTree = "<group>";
		};
/* End PBXVariantGroup section */

/* Begin XCBuildConfiguration section */
		E70725E11B053B5400716C6F /* Debug */ = {
			isa = XCBuildConfiguration;
			buildSettings = {
				ALWAYS_SEARCH_USER_PATHS = NO;
				CLANG_CXX_LANGUAGE_STANDARD = "gnu++0x";
				CLANG_CXX_LIBRARY = "libc++";
				CLANG_ENABLE_MODULES = YES;
				CLANG_ENABLE_OBJC_ARC = YES;
				CLANG_WARN_BOOL_CONVERSION = YES;
				CLANG_WARN_CONSTANT_CONVERSION = YES;
				CLANG_WARN_DIRECT_OBJC_ISA_USAGE = YES_ERROR;
				CLANG_WARN_EMPTY_BODY = YES;
				CLANG_WARN_ENUM_CONVERSION = YES;
				CLANG_WARN_INT_CONVERSION = YES;
				CLANG_WARN_OBJC_ROOT_CLASS = YES_ERROR;
				CLANG_WARN_UNREACHABLE_CODE = YES;
				CLANG_WARN__DUPLICATE_METHOD_MATCH = YES;
				"CODE_SIGN_IDENTITY[sdk=iphoneos*]" = "iPhone Developer";
				COPY_PHASE_STRIP = NO;
				CURRENT_PROJECT_VERSION = 1;
				DEBUG_INFORMATION_FORMAT = "dwarf-with-dsym";
				ENABLE_STRICT_OBJC_MSGSEND = YES;
				GCC_C_LANGUAGE_STANDARD = gnu99;
				GCC_DYNAMIC_NO_PIC = NO;
				GCC_NO_COMMON_BLOCKS = YES;
				GCC_OPTIMIZATION_LEVEL = 0;
				GCC_PREPROCESSOR_DEFINITIONS = (
					"DEBUG=1",
					"$(inherited)",
				);
				GCC_SYMBOLS_PRIVATE_EXTERN = NO;
				GCC_WARN_64_TO_32_BIT_CONVERSION = YES;
				GCC_WARN_ABOUT_RETURN_TYPE = YES_ERROR;
				GCC_WARN_UNDECLARED_SELECTOR = YES;
				GCC_WARN_UNINITIALIZED_AUTOS = YES_AGGRESSIVE;
				GCC_WARN_UNUSED_FUNCTION = YES;
				GCC_WARN_UNUSED_VARIABLE = YES;
				IPHONEOS_DEPLOYMENT_TARGET = 8.3;
				MTL_ENABLE_DEBUG_INFO = YES;
				ONLY_ACTIVE_ARCH = YES;
				SDKROOT = iphoneos;
				SWIFT_OPTIMIZATION_LEVEL = "-Onone";
				TARGETED_DEVICE_FAMILY = "1,2";
				VERSIONING_SYSTEM = "apple-generic";
				VERSION_INFO_PREFIX = "";
			};
			name = Debug;
		};
		E70725E21B053B5400716C6F /* Release */ = {
			isa = XCBuildConfiguration;
			buildSettings = {
				ALWAYS_SEARCH_USER_PATHS = NO;
				CLANG_CXX_LANGUAGE_STANDARD = "gnu++0x";
				CLANG_CXX_LIBRARY = "libc++";
				CLANG_ENABLE_MODULES = YES;
				CLANG_ENABLE_OBJC_ARC = YES;
				CLANG_WARN_BOOL_CONVERSION = YES;
				CLANG_WARN_CONSTANT_CONVERSION = YES;
				CLANG_WARN_DIRECT_OBJC_ISA_USAGE = YES_ERROR;
				CLANG_WARN_EMPTY_BODY = YES;
				CLANG_WARN_ENUM_CONVERSION = YES;
				CLANG_WARN_INT_CONVERSION = YES;
				CLANG_WARN_OBJC_ROOT_CLASS = YES_ERROR;
				CLANG_WARN_UNREACHABLE_CODE = YES;
				CLANG_WARN__DUPLICATE_METHOD_MATCH = YES;
				"CODE_SIGN_IDENTITY[sdk=iphoneos*]" = "iPhone Developer";
				COPY_PHASE_STRIP = NO;
				CURRENT_PROJECT_VERSION = 1;
				DEBUG_INFORMATION_FORMAT = "dwarf-with-dsym";
				ENABLE_NS_ASSERTIONS = NO;
				ENABLE_STRICT_OBJC_MSGSEND = YES;
				GCC_C_LANGUAGE_STANDARD = gnu99;
				GCC_NO_COMMON_BLOCKS = YES;
				GCC_WARN_64_TO_32_BIT_CONVERSION = YES;
				GCC_WARN_ABOUT_RETURN_TYPE = YES_ERROR;
				GCC_WARN_UNDECLARED_SELECTOR = YES;
				GCC_WARN_UNINITIALIZED_AUTOS = YES_AGGRESSIVE;
				GCC_WARN_UNUSED_FUNCTION = YES;
				GCC_WARN_UNUSED_VARIABLE = YES;
				IPHONEOS_DEPLOYMENT_TARGET = 8.3;
				MTL_ENABLE_DEBUG_INFO = NO;
				SDKROOT = iphoneos;
				TARGETED_DEVICE_FAMILY = "1,2";
				VALIDATE_PRODUCT = YES;
				VERSIONING_SYSTEM = "apple-generic";
				VERSION_INFO_PREFIX = "";
			};
			name = Release;
		};
		E70725E41B053B5400716C6F /* Debug */ = {
			isa = XCBuildConfiguration;
			buildSettings = {
				CLANG_ENABLE_MODULES = YES;
				DEFINES_MODULE = YES;
				DYLIB_COMPATIBILITY_VERSION = 1;
				DYLIB_CURRENT_VERSION = 1;
				DYLIB_INSTALL_NAME_BASE = "@rpath";
				INFOPLIST_FILE = Compass/Info.plist;
				INSTALL_PATH = "$(LOCAL_LIBRARY_DIR)/Frameworks";
				LD_RUNPATH_SEARCH_PATHS = "$(inherited) @executable_path/Frameworks @loader_path/Frameworks";
				PRODUCT_NAME = "$(TARGET_NAME)";
				SKIP_INSTALL = YES;
				SWIFT_OPTIMIZATION_LEVEL = "-Onone";
			};
			name = Debug;
		};
		E70725E51B053B5400716C6F /* Release */ = {
			isa = XCBuildConfiguration;
			buildSettings = {
				CLANG_ENABLE_MODULES = YES;
				DEFINES_MODULE = YES;
				DYLIB_COMPATIBILITY_VERSION = 1;
				DYLIB_CURRENT_VERSION = 1;
				DYLIB_INSTALL_NAME_BASE = "@rpath";
				INFOPLIST_FILE = Compass/Info.plist;
				INSTALL_PATH = "$(LOCAL_LIBRARY_DIR)/Frameworks";
				LD_RUNPATH_SEARCH_PATHS = "$(inherited) @executable_path/Frameworks @loader_path/Frameworks";
				PRODUCT_NAME = "$(TARGET_NAME)";
				SKIP_INSTALL = YES;
			};
			name = Release;
		};
		E70725E71B053B5400716C6F /* Debug */ = {
			isa = XCBuildConfiguration;
			buildSettings = {
				FRAMEWORK_SEARCH_PATHS = (
					"$(SDKROOT)/Developer/Library/Frameworks",
					"$(inherited)",
				);
				GCC_PREPROCESSOR_DEFINITIONS = (
					"DEBUG=1",
					"$(inherited)",
				);
				INFOPLIST_FILE = CompassTests/Info.plist;
				LD_RUNPATH_SEARCH_PATHS = "$(inherited) @executable_path/Frameworks @loader_path/Frameworks";
				PRODUCT_NAME = "$(TARGET_NAME)";
			};
			name = Debug;
		};
		E70725E81B053B5400716C6F /* Release */ = {
			isa = XCBuildConfiguration;
			buildSettings = {
				FRAMEWORK_SEARCH_PATHS = (
					"$(SDKROOT)/Developer/Library/Frameworks",
					"$(inherited)",
				);
				INFOPLIST_FILE = CompassTests/Info.plist;
				LD_RUNPATH_SEARCH_PATHS = "$(inherited) @executable_path/Frameworks @loader_path/Frameworks";
				PRODUCT_NAME = "$(TARGET_NAME)";
			};
			name = Release;
		};
		E733EC741B1786F7002161E5 /* Debug */ = {
			isa = XCBuildConfiguration;
			buildSettings = {
				COMBINE_HIDPI_IMAGES = YES;
				DEBUG_INFORMATION_FORMAT = dwarf;
				DEFINES_MODULE = YES;
				DYLIB_COMPATIBILITY_VERSION = 1;
				DYLIB_CURRENT_VERSION = 1;
				DYLIB_INSTALL_NAME_BASE = "@rpath";
				FRAMEWORK_VERSION = A;
				GCC_PREPROCESSOR_DEFINITIONS = (
					"DEBUG=1",
					"$(inherited)",
				);
				INFOPLIST_FILE = "Compass-OSX/Info.plist";
				INSTALL_PATH = "$(LOCAL_LIBRARY_DIR)/Frameworks";
				LD_RUNPATH_SEARCH_PATHS = "$(inherited) @executable_path/../Frameworks @loader_path/Frameworks";
				MACOSX_DEPLOYMENT_TARGET = 10.10;
				PRODUCT_NAME = "$(TARGET_NAME)";
				SDKROOT = macosx;
				SKIP_INSTALL = YES;
			};
			name = Debug;
		};
		E733EC751B1786F7002161E5 /* Release */ = {
			isa = XCBuildConfiguration;
			buildSettings = {
				COMBINE_HIDPI_IMAGES = YES;
				DEFINES_MODULE = YES;
				DYLIB_COMPATIBILITY_VERSION = 1;
				DYLIB_CURRENT_VERSION = 1;
				DYLIB_INSTALL_NAME_BASE = "@rpath";
				FRAMEWORK_VERSION = A;
				INFOPLIST_FILE = "Compass-OSX/Info.plist";
				INSTALL_PATH = "$(LOCAL_LIBRARY_DIR)/Frameworks";
				LD_RUNPATH_SEARCH_PATHS = "$(inherited) @executable_path/../Frameworks @loader_path/Frameworks";
				MACOSX_DEPLOYMENT_TARGET = 10.10;
				PRODUCT_NAME = "$(TARGET_NAME)";
				SDKROOT = macosx;
				SKIP_INSTALL = YES;
			};
			name = Release;
		};
		E733EC761B1786F7002161E5 /* Debug */ = {
			isa = XCBuildConfiguration;
			buildSettings = {
				COMBINE_HIDPI_IMAGES = YES;
				DEBUG_INFORMATION_FORMAT = dwarf;
				FRAMEWORK_SEARCH_PATHS = (
					"$(DEVELOPER_FRAMEWORKS_DIR)",
					"$(inherited)",
				);
				GCC_PREPROCESSOR_DEFINITIONS = (
					"DEBUG=1",
					"$(inherited)",
				);
				INFOPLIST_FILE = "Compass-OSXTests/Info.plist";
				LD_RUNPATH_SEARCH_PATHS = "$(inherited) @executable_path/../Frameworks @loader_path/../Frameworks";
				MACOSX_DEPLOYMENT_TARGET = 10.10;
				PRODUCT_NAME = "$(TARGET_NAME)";
				SDKROOT = macosx;
			};
			name = Debug;
		};
		E733EC771B1786F7002161E5 /* Release */ = {
			isa = XCBuildConfiguration;
			buildSettings = {
				COMBINE_HIDPI_IMAGES = YES;
				FRAMEWORK_SEARCH_PATHS = (
					"$(DEVELOPER_FRAMEWORKS_DIR)",
					"$(inherited)",
				);
				INFOPLIST_FILE = "Compass-OSXTests/Info.plist";
				LD_RUNPATH_SEARCH_PATHS = "$(inherited) @executable_path/../Frameworks @loader_path/../Frameworks";
				MACOSX_DEPLOYMENT_TARGET = 10.10;
				PRODUCT_NAME = "$(TARGET_NAME)";
				SDKROOT = macosx;
			};
			name = Release;
		};
		E733ECA01B178892002161E5 /* Debug */ = {
			isa = XCBuildConfiguration;
			buildSettings = {
				ASSETCATALOG_COMPILER_APPICON_NAME = AppIcon;
				CODE_SIGN_ENTITLEMENTS = "Compass App/Compass App.entitlements";
				CODE_SIGN_IDENTITY = "Mac Developer";
				"CODE_SIGN_IDENTITY[sdk=macosx*]" = "Mac Developer";
				COMBINE_HIDPI_IMAGES = YES;
				DEBUG_INFORMATION_FORMAT = dwarf;
				GCC_PREPROCESSOR_DEFINITIONS = (
					"DEBUG=1",
					"$(inherited)",
				);
				INFOPLIST_FILE = "Compass App/Info.plist";
				LD_RUNPATH_SEARCH_PATHS = "$(inherited) @executable_path/../Frameworks";
				MACOSX_DEPLOYMENT_TARGET = 10.10;
				PRODUCT_NAME = "$(TARGET_NAME)";
				PROVISIONING_PROFILE = "69bb28ed-41fc-401f-b3f2-74ebd80ca705";
				SDKROOT = macosx;
			};
			name = Debug;
		};
		E733ECA11B178892002161E5 /* Release */ = {
			isa = XCBuildConfiguration;
			buildSettings = {
				ASSETCATALOG_COMPILER_APPICON_NAME = AppIcon;
				CODE_SIGN_ENTITLEMENTS = "Compass App/Compass App.entitlements";
				CODE_SIGN_IDENTITY = "Mac Developer";
				"CODE_SIGN_IDENTITY[sdk=macosx*]" = "Mac Developer";
				COMBINE_HIDPI_IMAGES = YES;
				INFOPLIST_FILE = "Compass App/Info.plist";
				LD_RUNPATH_SEARCH_PATHS = "$(inherited) @executable_path/../Frameworks";
				MACOSX_DEPLOYMENT_TARGET = 10.10;
				PRODUCT_NAME = "$(TARGET_NAME)";
				PROVISIONING_PROFILE = "69bb28ed-41fc-401f-b3f2-74ebd80ca705";
				SDKROOT = macosx;
			};
			name = Release;
		};
		E733ECA31B178892002161E5 /* Debug */ = {
			isa = XCBuildConfiguration;
			buildSettings = {
				BUNDLE_LOADER = "$(TEST_HOST)";
				COMBINE_HIDPI_IMAGES = YES;
				DEBUG_INFORMATION_FORMAT = dwarf;
				FRAMEWORK_SEARCH_PATHS = (
					"$(DEVELOPER_FRAMEWORKS_DIR)",
					"$(inherited)",
				);
				GCC_PREPROCESSOR_DEFINITIONS = (
					"DEBUG=1",
					"$(inherited)",
				);
				INFOPLIST_FILE = "Compass AppTests/Info.plist";
				LD_RUNPATH_SEARCH_PATHS = "$(inherited) @executable_path/../Frameworks @loader_path/../Frameworks";
				MACOSX_DEPLOYMENT_TARGET = 10.10;
				PRODUCT_NAME = "$(TARGET_NAME)";
				SDKROOT = macosx;
				TEST_HOST = "$(BUILT_PRODUCTS_DIR)/Compass App.app/Contents/MacOS/Compass App";
			};
			name = Debug;
		};
		E733ECA41B178892002161E5 /* Release */ = {
			isa = XCBuildConfiguration;
			buildSettings = {
				BUNDLE_LOADER = "$(TEST_HOST)";
				COMBINE_HIDPI_IMAGES = YES;
				FRAMEWORK_SEARCH_PATHS = (
					"$(DEVELOPER_FRAMEWORKS_DIR)",
					"$(inherited)",
				);
				INFOPLIST_FILE = "Compass AppTests/Info.plist";
				LD_RUNPATH_SEARCH_PATHS = "$(inherited) @executable_path/../Frameworks @loader_path/../Frameworks";
				MACOSX_DEPLOYMENT_TARGET = 10.10;
				PRODUCT_NAME = "$(TARGET_NAME)";
				SDKROOT = macosx;
				TEST_HOST = "$(BUILT_PRODUCTS_DIR)/Compass App.app/Contents/MacOS/Compass App";
			};
			name = Release;
		};
/* End XCBuildConfiguration section */

/* Begin XCConfigurationList section */
		E70725C71B053B5400716C6F /* Build configuration list for PBXProject "Compass" */ = {
			isa = XCConfigurationList;
			buildConfigurations = (
				E70725E11B053B5400716C6F /* Debug */,
				E70725E21B053B5400716C6F /* Release */,
			);
			defaultConfigurationIsVisible = 0;
			defaultConfigurationName = Release;
		};
		E70725E31B053B5400716C6F /* Build configuration list for PBXNativeTarget "Compass" */ = {
			isa = XCConfigurationList;
			buildConfigurations = (
				E70725E41B053B5400716C6F /* Debug */,
				E70725E51B053B5400716C6F /* Release */,
			);
			defaultConfigurationIsVisible = 0;
			defaultConfigurationName = Release;
		};
		E70725E61B053B5400716C6F /* Build configuration list for PBXNativeTarget "CompassTests" */ = {
			isa = XCConfigurationList;
			buildConfigurations = (
				E70725E71B053B5400716C6F /* Debug */,
				E70725E81B053B5400716C6F /* Release */,
			);
			defaultConfigurationIsVisible = 0;
			defaultConfigurationName = Release;
		};
		E733EC781B1786F7002161E5 /* Build configuration list for PBXNativeTarget "CompassOSX" */ = {
			isa = XCConfigurationList;
			buildConfigurations = (
				E733EC741B1786F7002161E5 /* Debug */,
				E733EC751B1786F7002161E5 /* Release */,
			);
			defaultConfigurationIsVisible = 0;
			defaultConfigurationName = Release;
		};
		E733EC791B1786F7002161E5 /* Build configuration list for PBXNativeTarget "Compass-OSXTests" */ = {
			isa = XCConfigurationList;
			buildConfigurations = (
				E733EC761B1786F7002161E5 /* Debug */,
				E733EC771B1786F7002161E5 /* Release */,
			);
			defaultConfigurationIsVisible = 0;
			defaultConfigurationName = Release;
		};
		E733EC9F1B178892002161E5 /* Build configuration list for PBXNativeTarget "Compass App" */ = {
			isa = XCConfigurationList;
			buildConfigurations = (
				E733ECA01B178892002161E5 /* Debug */,
				E733ECA11B178892002161E5 /* Release */,
			);
			defaultConfigurationIsVisible = 0;
			defaultConfigurationName = Release;
		};
		E733ECA21B178892002161E5 /* Build configuration list for PBXNativeTarget "Compass AppTests" */ = {
			isa = XCConfigurationList;
			buildConfigurations = (
				E733ECA31B178892002161E5 /* Debug */,
				E733ECA41B178892002161E5 /* Release */,
			);
			defaultConfigurationIsVisible = 0;
			defaultConfigurationName = Release;
		};
/* End XCConfigurationList section */
	};
	rootObject = E70725C41B053B5400716C6F /* Project object */;
}
